
Microsoft Visual Studio Solution File, Format Version 12.00
# Visual Studio Version 16
VisualStudioVersion = 16.0.29409.12
MinimumVisualStudioVersion = 10.0.40219.1
Project("{FAE04EC0-301F-11D3-BF4B-00C04F79EFBC}") = "ProyectoFinal", "ProyectoFinal\ProyectoFinal.csproj", "{35C76475-5144-41FA-A388-68687365590F}"
EndProject
Global
	GlobalSection(SolutionConfigurationPlatforms) = preSolution
		Debug|Any CPU = Debug|Any CPU
		Release|Any CPU = Release|Any CPU
	EndGlobalSection
	GlobalSection(ProjectConfigurationPlatforms) = postSolution
		{35C76475-5144-41FA-A388-68687365590F}.Debug|Any CPU.ActiveCfg = Debug|Any CPU
		{35C76475-5144-41FA-A388-68687365590F}.Debug|Any CPU.Build.0 = Debug|Any CPU
		{35C76475-5144-41FA-A388-68687365590F}.Release|Any CPU.ActiveCfg = Release|Any CPU
		{35C76475-5144-41FA-A388-68687365590F}.Release|Any CPU.Build.0 = Release|Any CPU
	EndGlobalSection
	GlobalSection(SolutionProperties) = preSolution
		HideSolutionNode = FALSE
	EndGlobalSection
	GlobalSection(ExtensibilityGlobals) = postSolution
		SolutionGuid = {9DAE0D8E-5FFD-467E-B049-4761E6F047C8}
	EndGlobalSection
EndGlobal
